
Microsoft Visual Studio Solution File, Format Version 12.00
# Visual Studio 15
VisualStudioVersion = 15.0.28307.1300
MinimumVisualStudioVersion = 10.0.40219.1
Project("{FAE04EC0-301F-11D3-BF4B-00C04F79EFBC}") = "CitireMatrici", "CitireMatrici.csproj", "{04CB6AF7-E526-4B93-BAB9-08BA859CE6B6}"
EndProject
Global
	GlobalSection(SolutionConfigurationPlatforms) = preSolution
		Debug|Any CPU = Debug|Any CPU
		Release|Any CPU = Release|Any CPU
	EndGlobalSection
	GlobalSection(ProjectConfigurationPlatforms) = postSolution
		{04CB6AF7-E526-4B93-BAB9-08BA859CE6B6}.Debug|Any CPU.ActiveCfg = Debug|Any CPU
		{04CB6AF7-E526-4B93-BAB9-08BA859CE6B6}.Debug|Any CPU.Build.0 = Debug|Any CPU
		{04CB6AF7-E526-4B93-BAB9-08BA859CE6B6}.Release|Any CPU.ActiveCfg = Release|Any CPU
		{04CB6AF7-E526-4B93-BAB9-08BA859CE6B6}.Release|Any CPU.Build.0 = Release|Any CPU
	EndGlobalSection
	GlobalSection(SolutionProperties) = preSolution
		HideSolutionNode = FALSE
	EndGlobalSection
	GlobalSection(ExtensibilityGlobals) = postSolution
		SolutionGuid = {4A634696-163A-4F5E-9B17-31BB4F13B4FD}
	EndGlobalSection
EndGlobal
